// !$*UTF8*$!
{
	archiveVersion = 1;
	classes = {
	};
	objectVersion = 55;
	objects = {

/* Begin PBXBuildFile section */
		032C9A0D2A2AD8F400B86878 /* ButtonExtension.swift in Sources */ = {isa = PBXBuildFile; fileRef = 032C9A0C2A2AD8F400B86878 /* ButtonExtension.swift */; };
		032C9A0F2A2AE14400B86878 /* PermissionInfo.swift in Sources */ = {isa = PBXBuildFile; fileRef = 032C9A0E2A2AE14400B86878 /* PermissionInfo.swift */; };
		032C9A132A2D304700B86878 /* Home.storyboard in Resources */ = {isa = PBXBuildFile; fileRef = 032C9A122A2D304700B86878 /* Home.storyboard */; };
		032C9A152A2D310E00B86878 /* HomeViewController.swift in Sources */ = {isa = PBXBuildFile; fileRef = 032C9A142A2D310E00B86878 /* HomeViewController.swift */; };
		032C9A192A2D4E6600B86878 /* HomeViewModel.swift in Sources */ = {isa = PBXBuildFile; fileRef = 032C9A182A2D4E6600B86878 /* HomeViewModel.swift */; };
		032C9A1C2A2D4F4900B86878 /* Post.swift in Sources */ = {isa = PBXBuildFile; fileRef = 032C9A1B2A2D4F4900B86878 /* Post.swift */; };
		032C9A1E2A2D519F00B86878 /* HomeServices.swift in Sources */ = {isa = PBXBuildFile; fileRef = 032C9A1D2A2D519F00B86878 /* HomeServices.swift */; };
		032C9A212A2D51D700B86878 /* PostTableViewCell.swift in Sources */ = {isa = PBXBuildFile; fileRef = 032C9A1F2A2D51D700B86878 /* PostTableViewCell.swift */; };
		032C9A222A2D51D700B86878 /* PostTableViewCell.xib in Resources */ = {isa = PBXBuildFile; fileRef = 032C9A202A2D51D700B86878 /* PostTableViewCell.xib */; };
		032C9A242A2D70EB00B86878 /* Resource.swift in Sources */ = {isa = PBXBuildFile; fileRef = 032C9A232A2D70EB00B86878 /* Resource.swift */; };
		032C9A262A2D7B2100B86878 /* URL.swift in Sources */ = {isa = PBXBuildFile; fileRef = 032C9A252A2D7B2100B86878 /* URL.swift */; };
		0334A7CF2A298F6600305E75 /* AppDelegate.swift in Sources */ = {isa = PBXBuildFile; fileRef = 0334A7CE2A298F6600305E75 /* AppDelegate.swift */; };
		0334A7D12A298F6600305E75 /* SceneDelegate.swift in Sources */ = {isa = PBXBuildFile; fileRef = 0334A7D02A298F6600305E75 /* SceneDelegate.swift */; };
		0334A7D82A298F6900305E75 /* Assets.xcassets in Resources */ = {isa = PBXBuildFile; fileRef = 0334A7D72A298F6900305E75 /* Assets.xcassets */; };
		0334A7DB2A298F6900305E75 /* LaunchScreen.storyboard in Resources */ = {isa = PBXBuildFile; fileRef = 0334A7D92A298F6900305E75 /* LaunchScreen.storyboard */; };
		0334A7E62A298F6900305E75 /* MemeAppTests.swift in Sources */ = {isa = PBXBuildFile; fileRef = 0334A7E52A298F6900305E75 /* MemeAppTests.swift */; };
		0334A7F02A298F6900305E75 /* MemeAppUITests.swift in Sources */ = {isa = PBXBuildFile; fileRef = 0334A7EF2A298F6900305E75 /* MemeAppUITests.swift */; };
		0334A7F22A298F6900305E75 /* MemeAppUITestsLaunchTests.swift in Sources */ = {isa = PBXBuildFile; fileRef = 0334A7F12A298F6900305E75 /* MemeAppUITestsLaunchTests.swift */; };
		0334A8012A29914A00305E75 /* Permissions.storyboard in Resources */ = {isa = PBXBuildFile; fileRef = 0334A8002A29914A00305E75 /* Permissions.storyboard */; };
		0334A8032A29975800305E75 /* PermissionViewController.swift in Sources */ = {isa = PBXBuildFile; fileRef = 0334A8022A29975800305E75 /* PermissionViewController.swift */; };
		037FC4192A29B0D200300439 /* PermissionViewModel.swift in Sources */ = {isa = PBXBuildFile; fileRef = 037FC4182A29B0D200300439 /* PermissionViewModel.swift */; };
		037FC41C2A29B42700300439 /* K.swift in Sources */ = {isa = PBXBuildFile; fileRef = 037FC41B2A29B42700300439 /* K.swift */; };
		037FC41F2A29B4E700300439 /* Observable.swift in Sources */ = {isa = PBXBuildFile; fileRef = 037FC41E2A29B4E700300439 /* Observable.swift */; };
		14E29B48FFE103D78250EBEE /* Pods_MemeApp.framework in Frameworks */ = {isa = PBXBuildFile; fileRef = 027009249EECA60F8730E9FA /* Pods_MemeApp.framework */; };
/* End PBXBuildFile section */

/* Begin PBXContainerItemProxy section */
		0334A7E22A298F6900305E75 /* PBXContainerItemProxy */ = {
			isa = PBXContainerItemProxy;
			containerPortal = 0334A7C32A298F6600305E75 /* Project object */;
			proxyType = 1;
			remoteGlobalIDString = 0334A7CA2A298F6600305E75;
			remoteInfo = MemeApp;
		};
		0334A7EC2A298F6900305E75 /* PBXContainerItemProxy */ = {
			isa = PBXContainerItemProxy;
			containerPortal = 0334A7C32A298F6600305E75 /* Project object */;
			proxyType = 1;
			remoteGlobalIDString = 0334A7CA2A298F6600305E75;
			remoteInfo = MemeApp;
		};
/* End PBXContainerItemProxy section */

/* Begin PBXFileReference section */
		027009249EECA60F8730E9FA /* Pods_MemeApp.framework */ = {isa = PBXFileReference; explicitFileType = wrapper.framework; includeInIndex = 0; path = Pods_MemeApp.framework; sourceTree = BUILT_PRODUCTS_DIR; };
		032C9A0C2A2AD8F400B86878 /* ButtonExtension.swift */ = {isa = PBXFileReference; lastKnownFileType = sourcecode.swift; path = ButtonExtension.swift; sourceTree = "<group>"; };
		032C9A0E2A2AE14400B86878 /* PermissionInfo.swift */ = {isa = PBXFileReference; lastKnownFileType = sourcecode.swift; path = PermissionInfo.swift; sourceTree = "<group>"; };
		032C9A122A2D304700B86878 /* Home.storyboard */ = {isa = PBXFileReference; lastKnownFileType = file.storyboard; path = Home.storyboard; sourceTree = "<group>"; };
		032C9A142A2D310E00B86878 /* HomeViewController.swift */ = {isa = PBXFileReference; lastKnownFileType = sourcecode.swift; path = HomeViewController.swift; sourceTree = "<group>"; };
		032C9A182A2D4E6600B86878 /* HomeViewModel.swift */ = {isa = PBXFileReference; lastKnownFileType = sourcecode.swift; path = HomeViewModel.swift; sourceTree = "<group>"; };
		032C9A1B2A2D4F4900B86878 /* Post.swift */ = {isa = PBXFileReference; lastKnownFileType = sourcecode.swift; path = Post.swift; sourceTree = "<group>"; };
		032C9A1D2A2D519F00B86878 /* HomeServices.swift */ = {isa = PBXFileReference; lastKnownFileType = sourcecode.swift; path = HomeServices.swift; sourceTree = "<group>"; };
		032C9A1F2A2D51D700B86878 /* PostTableViewCell.swift */ = {isa = PBXFileReference; lastKnownFileType = sourcecode.swift; path = PostTableViewCell.swift; sourceTree = "<group>"; };
		032C9A202A2D51D700B86878 /* PostTableViewCell.xib */ = {isa = PBXFileReference; lastKnownFileType = file.xib; path = PostTableViewCell.xib; sourceTree = "<group>"; };
		032C9A232A2D70EB00B86878 /* Resource.swift */ = {isa = PBXFileReference; lastKnownFileType = sourcecode.swift; path = Resource.swift; sourceTree = "<group>"; };
		032C9A252A2D7B2100B86878 /* URL.swift */ = {isa = PBXFileReference; lastKnownFileType = sourcecode.swift; path = URL.swift; sourceTree = "<group>"; };
		0334A7CB2A298F6600305E75 /* MemeApp.app */ = {isa = PBXFileReference; explicitFileType = wrapper.application; includeInIndex = 0; path = MemeApp.app; sourceTree = BUILT_PRODUCTS_DIR; };
		0334A7CE2A298F6600305E75 /* AppDelegate.swift */ = {isa = PBXFileReference; lastKnownFileType = sourcecode.swift; path = AppDelegate.swift; sourceTree = "<group>"; };
		0334A7D02A298F6600305E75 /* SceneDelegate.swift */ = {isa = PBXFileReference; lastKnownFileType = sourcecode.swift; path = SceneDelegate.swift; sourceTree = "<group>"; };
		0334A7D72A298F6900305E75 /* Assets.xcassets */ = {isa = PBXFileReference; lastKnownFileType = folder.assetcatalog; path = Assets.xcassets; sourceTree = "<group>"; };
		0334A7DA2A298F6900305E75 /* Base */ = {isa = PBXFileReference; lastKnownFileType = file.storyboard; name = Base; path = Base.lproj/LaunchScreen.storyboard; sourceTree = "<group>"; };
		0334A7DC2A298F6900305E75 /* Info.plist */ = {isa = PBXFileReference; lastKnownFileType = text.plist.xml; path = Info.plist; sourceTree = "<group>"; };
		0334A7E12A298F6900305E75 /* MemeAppTests.xctest */ = {isa = PBXFileReference; explicitFileType = wrapper.cfbundle; includeInIndex = 0; path = MemeAppTests.xctest; sourceTree = BUILT_PRODUCTS_DIR; };
		0334A7E52A298F6900305E75 /* MemeAppTests.swift */ = {isa = PBXFileReference; lastKnownFileType = sourcecode.swift; path = MemeAppTests.swift; sourceTree = "<group>"; };
		0334A7EB2A298F6900305E75 /* MemeAppUITests.xctest */ = {isa = PBXFileReference; explicitFileType = wrapper.cfbundle; includeInIndex = 0; path = MemeAppUITests.xctest; sourceTree = BUILT_PRODUCTS_DIR; };
		0334A7EF2A298F6900305E75 /* MemeAppUITests.swift */ = {isa = PBXFileReference; lastKnownFileType = sourcecode.swift; path = MemeAppUITests.swift; sourceTree = "<group>"; };
		0334A7F12A298F6900305E75 /* MemeAppUITestsLaunchTests.swift */ = {isa = PBXFileReference; lastKnownFileType = sourcecode.swift; path = MemeAppUITestsLaunchTests.swift; sourceTree = "<group>"; };
		0334A8002A29914A00305E75 /* Permissions.storyboard */ = {isa = PBXFileReference; lastKnownFileType = file.storyboard; path = Permissions.storyboard; sourceTree = "<group>"; };
		0334A8022A29975800305E75 /* PermissionViewController.swift */ = {isa = PBXFileReference; lastKnownFileType = sourcecode.swift; path = PermissionViewController.swift; sourceTree = "<group>"; };
		037FC4182A29B0D200300439 /* PermissionViewModel.swift */ = {isa = PBXFileReference; lastKnownFileType = sourcecode.swift; path = PermissionViewModel.swift; sourceTree = "<group>"; };
		037FC41B2A29B42700300439 /* K.swift */ = {isa = PBXFileReference; lastKnownFileType = sourcecode.swift; path = K.swift; sourceTree = "<group>"; };
		037FC41E2A29B4E700300439 /* Observable.swift */ = {isa = PBXFileReference; lastKnownFileType = sourcecode.swift; path = Observable.swift; sourceTree = "<group>"; };
		08BA8E7E15A5F3CB8729D1FA /* Pods-MemeApp.release.xcconfig */ = {isa = PBXFileReference; includeInIndex = 1; lastKnownFileType = text.xcconfig; name = "Pods-MemeApp.release.xcconfig"; path = "Target Support Files/Pods-MemeApp/Pods-MemeApp.release.xcconfig"; sourceTree = "<group>"; };
		B53C9EB943F6F599F712BABF /* Pods-MemeApp.debug.xcconfig */ = {isa = PBXFileReference; includeInIndex = 1; lastKnownFileType = text.xcconfig; name = "Pods-MemeApp.debug.xcconfig"; path = "Target Support Files/Pods-MemeApp/Pods-MemeApp.debug.xcconfig"; sourceTree = "<group>"; };
/* End PBXFileReference section */

/* Begin PBXFrameworksBuildPhase section */
		0334A7C82A298F6600305E75 /* Frameworks */ = {
			isa = PBXFrameworksBuildPhase;
			buildActionMask = 2147483647;
			files = (
				14E29B48FFE103D78250EBEE /* Pods_MemeApp.framework in Frameworks */,
			);
			runOnlyForDeploymentPostprocessing = 0;
		};
		0334A7DE2A298F6900305E75 /* Frameworks */ = {
			isa = PBXFrameworksBuildPhase;
			buildActionMask = 2147483647;
			files = (
			);
			runOnlyForDeploymentPostprocessing = 0;
		};
		0334A7E82A298F6900305E75 /* Frameworks */ = {
			isa = PBXFrameworksBuildPhase;
			buildActionMask = 2147483647;
			files = (
			);
			runOnlyForDeploymentPostprocessing = 0;
		};
/* End PBXFrameworksBuildPhase section */

/* Begin PBXGroup section */
		032C9A102A2CDE2500B86878 /* Home */ = {
			isa = PBXGroup;
			children = (
				032C9A162A2D4E4900B86878 /* Model */,
				032C9A112A2D303800B86878 /* View */,
				032C9A172A2D4E4F00B86878 /* ViewModel */,
				032C9A1A2A2D4EDD00B86878 /* Service */,
			);
			path = Home;
			sourceTree = "<group>";
		};
		032C9A112A2D303800B86878 /* View */ = {
			isa = PBXGroup;
			children = (
				032C9A122A2D304700B86878 /* Home.storyboard */,
				032C9A142A2D310E00B86878 /* HomeViewController.swift */,
				032C9A202A2D51D700B86878 /* PostTableViewCell.xib */,
				032C9A1F2A2D51D700B86878 /* PostTableViewCell.swift */,
			);
			path = View;
			sourceTree = "<group>";
		};
		032C9A162A2D4E4900B86878 /* Model */ = {
			isa = PBXGroup;
			children = (
				032C9A1B2A2D4F4900B86878 /* Post.swift */,
			);
			path = Model;
			sourceTree = "<group>";
		};
		032C9A172A2D4E4F00B86878 /* ViewModel */ = {
			isa = PBXGroup;
			children = (
				032C9A182A2D4E6600B86878 /* HomeViewModel.swift */,
			);
			path = ViewModel;
			sourceTree = "<group>";
		};
		032C9A1A2A2D4EDD00B86878 /* Service */ = {
			isa = PBXGroup;
			children = (
				032C9A1D2A2D519F00B86878 /* HomeServices.swift */,
			);
			path = Service;
			sourceTree = "<group>";
		};
		0334A7C22A298F6600305E75 = {
			isa = PBXGroup;
			children = (
				0334A7CD2A298F6600305E75 /* MemeApp */,
				0334A7E42A298F6900305E75 /* MemeAppTests */,
				0334A7EE2A298F6900305E75 /* MemeAppUITests */,
				0334A7CC2A298F6600305E75 /* Products */,
				1468C42754B938128CF60200 /* Pods */,
				BAEA7842BED73AB159655D69 /* Frameworks */,
			);
			sourceTree = "<group>";
		};
		0334A7CC2A298F6600305E75 /* Products */ = {
			isa = PBXGroup;
			children = (
				0334A7CB2A298F6600305E75 /* MemeApp.app */,
				0334A7E12A298F6900305E75 /* MemeAppTests.xctest */,
				0334A7EB2A298F6900305E75 /* MemeAppUITests.xctest */,
			);
			name = Products;
			sourceTree = "<group>";
		};
		0334A7CD2A298F6600305E75 /* MemeApp */ = {
			isa = PBXGroup;
			children = (
				0334A7FE2A298FC700305E75 /* Permissions */,
				032C9A102A2CDE2500B86878 /* Home */,
				037FC41A2A29B39E00300439 /* Common */,
				037FC41D2A29B4D700300439 /* Helper */,
				0334A7CE2A298F6600305E75 /* AppDelegate.swift */,
				0334A7D02A298F6600305E75 /* SceneDelegate.swift */,
				0334A7D72A298F6900305E75 /* Assets.xcassets */,
				0334A7D92A298F6900305E75 /* LaunchScreen.storyboard */,
				0334A7DC2A298F6900305E75 /* Info.plist */,
			);
			path = MemeApp;
			sourceTree = "<group>";
		};
		0334A7E42A298F6900305E75 /* MemeAppTests */ = {
			isa = PBXGroup;
			children = (
				0334A7E52A298F6900305E75 /* MemeAppTests.swift */,
			);
			path = MemeAppTests;
			sourceTree = "<group>";
		};
		0334A7EE2A298F6900305E75 /* MemeAppUITests */ = {
			isa = PBXGroup;
			children = (
				0334A7EF2A298F6900305E75 /* MemeAppUITests.swift */,
				0334A7F12A298F6900305E75 /* MemeAppUITestsLaunchTests.swift */,
			);
			path = MemeAppUITests;
			sourceTree = "<group>";
		};
		0334A7FE2A298FC700305E75 /* Permissions */ = {
			isa = PBXGroup;
			children = (
				037FC4202A29B60D00300439 /* Model */,
				0334A7FF2A29913100305E75 /* View */,
				037FC4172A29B0C200300439 /* ViewModel */,
			);
			path = Permissions;
			sourceTree = "<group>";
		};
		0334A7FF2A29913100305E75 /* View */ = {
			isa = PBXGroup;
			children = (
				0334A8002A29914A00305E75 /* Permissions.storyboard */,
				0334A8022A29975800305E75 /* PermissionViewController.swift */,
			);
			path = View;
			sourceTree = "<group>";
		};
		037FC4172A29B0C200300439 /* ViewModel */ = {
			isa = PBXGroup;
			children = (
				037FC4182A29B0D200300439 /* PermissionViewModel.swift */,
			);
			path = ViewModel;
			sourceTree = "<group>";
		};
		037FC41A2A29B39E00300439 /* Common */ = {
			isa = PBXGroup;
			children = (
				037FC41B2A29B42700300439 /* K.swift */,
				032C9A232A2D70EB00B86878 /* Resource.swift */,
				032C9A0C2A2AD8F400B86878 /* ButtonExtension.swift */,
				032C9A252A2D7B2100B86878 /* URL.swift */,
			);
			path = Common;
			sourceTree = "<group>";
		};
		037FC41D2A29B4D700300439 /* Helper */ = {
			isa = PBXGroup;
			children = (
				037FC41E2A29B4E700300439 /* Observable.swift */,
			);
			path = Helper;
			sourceTree = "<group>";
		};
		037FC4202A29B60D00300439 /* Model */ = {
			isa = PBXGroup;
			children = (
				032C9A0E2A2AE14400B86878 /* PermissionInfo.swift */,
			);
			path = Model;
			sourceTree = "<group>";
		};
		1468C42754B938128CF60200 /* Pods */ = {
			isa = PBXGroup;
			children = (
				B53C9EB943F6F599F712BABF /* Pods-MemeApp.debug.xcconfig */,
				08BA8E7E15A5F3CB8729D1FA /* Pods-MemeApp.release.xcconfig */,
			);
			path = Pods;
			sourceTree = "<group>";
		};
		BAEA7842BED73AB159655D69 /* Frameworks */ = {
			isa = PBXGroup;
			children = (
				027009249EECA60F8730E9FA /* Pods_MemeApp.framework */,
			);
			name = Frameworks;
			sourceTree = "<group>";
		};
/* End PBXGroup section */

/* Begin PBXNativeTarget section */
		0334A7CA2A298F6600305E75 /* MemeApp */ = {
			isa = PBXNativeTarget;
			buildConfigurationList = 0334A7F52A298F6900305E75 /* Build configuration list for PBXNativeTarget "MemeApp" */;
			buildPhases = (
				F4BF8F0570EB12332CDB4039 /* [CP] Check Pods Manifest.lock */,
				0334A7C72A298F6600305E75 /* Sources */,
				0334A7C82A298F6600305E75 /* Frameworks */,
				0334A7C92A298F6600305E75 /* Resources */,
				79EF1F2CBE55B36D0BD194C1 /* [CP] Embed Pods Frameworks */,
			);
			buildRules = (
			);
			dependencies = (
			);
			name = MemeApp;
			productName = MemeApp;
			productReference = 0334A7CB2A298F6600305E75 /* MemeApp.app */;
			productType = "com.apple.product-type.application";
		};
		0334A7E02A298F6900305E75 /* MemeAppTests */ = {
			isa = PBXNativeTarget;
			buildConfigurationList = 0334A7F82A298F6900305E75 /* Build configuration list for PBXNativeTarget "MemeAppTests" */;
			buildPhases = (
				0334A7DD2A298F6900305E75 /* Sources */,
				0334A7DE2A298F6900305E75 /* Frameworks */,
				0334A7DF2A298F6900305E75 /* Resources */,
			);
			buildRules = (
			);
			dependencies = (
				0334A7E32A298F6900305E75 /* PBXTargetDependency */,
			);
			name = MemeAppTests;
			productName = MemeAppTests;
			productReference = 0334A7E12A298F6900305E75 /* MemeAppTests.xctest */;
			productType = "com.apple.product-type.bundle.unit-test";
		};
		0334A7EA2A298F6900305E75 /* MemeAppUITests */ = {
			isa = PBXNativeTarget;
			buildConfigurationList = 0334A7FB2A298F6900305E75 /* Build configuration list for PBXNativeTarget "MemeAppUITests" */;
			buildPhases = (
				0334A7E72A298F6900305E75 /* Sources */,
				0334A7E82A298F6900305E75 /* Frameworks */,
				0334A7E92A298F6900305E75 /* Resources */,
			);
			buildRules = (
			);
			dependencies = (
				0334A7ED2A298F6900305E75 /* PBXTargetDependency */,
			);
			name = MemeAppUITests;
			productName = MemeAppUITests;
			productReference = 0334A7EB2A298F6900305E75 /* MemeAppUITests.xctest */;
			productType = "com.apple.product-type.bundle.ui-testing";
		};
/* End PBXNativeTarget section */

/* Begin PBXProject section */
		0334A7C32A298F6600305E75 /* Project object */ = {
			isa = PBXProject;
			attributes = {
				BuildIndependentTargetsInParallel = 1;
				LastSwiftUpdateCheck = 1420;
				LastUpgradeCheck = 1420;
				TargetAttributes = {
					0334A7CA2A298F6600305E75 = {
						CreatedOnToolsVersion = 14.2;
					};
					0334A7E02A298F6900305E75 = {
						CreatedOnToolsVersion = 14.2;
						TestTargetID = 0334A7CA2A298F6600305E75;
					};
					0334A7EA2A298F6900305E75 = {
						CreatedOnToolsVersion = 14.2;
						TestTargetID = 0334A7CA2A298F6600305E75;
					};
				};
			};
			buildConfigurationList = 0334A7C62A298F6600305E75 /* Build configuration list for PBXProject "MemeApp" */;
			compatibilityVersion = "Xcode 13.0";
			developmentRegion = en;
			hasScannedForEncodings = 0;
			knownRegions = (
				en,
				Base,
			);
			mainGroup = 0334A7C22A298F6600305E75;
			productRefGroup = 0334A7CC2A298F6600305E75 /* Products */;
			projectDirPath = "";
			projectRoot = "";
			targets = (
				0334A7CA2A298F6600305E75 /* MemeApp */,
				0334A7E02A298F6900305E75 /* MemeAppTests */,
				0334A7EA2A298F6900305E75 /* MemeAppUITests */,
			);
		};
/* End PBXProject section */

/* Begin PBXResourcesBuildPhase section */
		0334A7C92A298F6600305E75 /* Resources */ = {
			isa = PBXResourcesBuildPhase;
			buildActionMask = 2147483647;
			files = (
				0334A7DB2A298F6900305E75 /* LaunchScreen.storyboard in Resources */,
				032C9A222A2D51D700B86878 /* PostTableViewCell.xib in Resources */,
				032C9A132A2D304700B86878 /* Home.storyboard in Resources */,
				0334A8012A29914A00305E75 /* Permissions.storyboard in Resources */,
				0334A7D82A298F6900305E75 /* Assets.xcassets in Resources */,
			);
			runOnlyForDeploymentPostprocessing = 0;
		};
		0334A7DF2A298F6900305E75 /* Resources */ = {
			isa = PBXResourcesBuildPhase;
			buildActionMask = 2147483647;
			files = (
			);
			runOnlyForDeploymentPostprocessing = 0;
		};
		0334A7E92A298F6900305E75 /* Resources */ = {
			isa = PBXResourcesBuildPhase;
			buildActionMask = 2147483647;
			files = (
			);
			runOnlyForDeploymentPostprocessing = 0;
		};
/* End PBXResourcesBuildPhase section */

/* Begin PBXShellScriptBuildPhase section */
		79EF1F2CBE55B36D0BD194C1 /* [CP] Embed Pods Frameworks */ = {
			isa = PBXShellScriptBuildPhase;
			buildActionMask = 2147483647;
			files = (
			);
			inputFileListPaths = (
				"${PODS_ROOT}/Target Support Files/Pods-MemeApp/Pods-MemeApp-frameworks-${CONFIGURATION}-input-files.xcfilelist",
			);
			name = "[CP] Embed Pods Frameworks";
			outputFileListPaths = (
				"${PODS_ROOT}/Target Support Files/Pods-MemeApp/Pods-MemeApp-frameworks-${CONFIGURATION}-output-files.xcfilelist",
			);
			runOnlyForDeploymentPostprocessing = 0;
			shellPath = /bin/sh;
			shellScript = "\"${PODS_ROOT}/Target Support Files/Pods-MemeApp/Pods-MemeApp-frameworks.sh\"\n";
			showEnvVarsInLog = 0;
		};
		F4BF8F0570EB12332CDB4039 /* [CP] Check Pods Manifest.lock */ = {
			isa = PBXShellScriptBuildPhase;
			buildActionMask = 2147483647;
			files = (
			);
			inputFileListPaths = (
			);
			inputPaths = (
				"${PODS_PODFILE_DIR_PATH}/Podfile.lock",
				"${PODS_ROOT}/Manifest.lock",
			);
			name = "[CP] Check Pods Manifest.lock";
			outputFileListPaths = (
			);
			outputPaths = (
				"$(DERIVED_FILE_DIR)/Pods-MemeApp-checkManifestLockResult.txt",
			);
			runOnlyForDeploymentPostprocessing = 0;
			shellPath = /bin/sh;
			shellScript = "diff \"${PODS_PODFILE_DIR_PATH}/Podfile.lock\" \"${PODS_ROOT}/Manifest.lock\" > /dev/null\nif [ $? != 0 ] ; then\n    # print error to STDERR\n    echo \"error: The sandbox is not in sync with the Podfile.lock. Run 'pod install' or update your CocoaPods installation.\" >&2\n    exit 1\nfi\n# This output is used by Xcode 'outputs' to avoid re-running this script phase.\necho \"SUCCESS\" > \"${SCRIPT_OUTPUT_FILE_0}\"\n";
			showEnvVarsInLog = 0;
		};
/* End PBXShellScriptBuildPhase section */

/* Begin PBXSourcesBuildPhase section */
		0334A7C72A298F6600305E75 /* Sources */ = {
			isa = PBXSourcesBuildPhase;
			buildActionMask = 2147483647;
			files = (
				0334A7CF2A298F6600305E75 /* AppDelegate.swift in Sources */,
				032C9A1C2A2D4F4900B86878 /* Post.swift in Sources */,
				032C9A212A2D51D700B86878 /* PostTableViewCell.swift in Sources */,
				037FC4192A29B0D200300439 /* PermissionViewModel.swift in Sources */,
				037FC41F2A29B4E700300439 /* Observable.swift in Sources */,
				032C9A262A2D7B2100B86878 /* URL.swift in Sources */,
				032C9A192A2D4E6600B86878 /* HomeViewModel.swift in Sources */,
				037FC41C2A29B42700300439 /* K.swift in Sources */,
				032C9A1E2A2D519F00B86878 /* HomeServices.swift in Sources */,
				032C9A152A2D310E00B86878 /* HomeViewController.swift in Sources */,
				0334A8032A29975800305E75 /* PermissionViewController.swift in Sources */,
				0334A7D12A298F6600305E75 /* SceneDelegate.swift in Sources */,
				032C9A0D2A2AD8F400B86878 /* ButtonExtension.swift in Sources */,
				032C9A0F2A2AE14400B86878 /* PermissionInfo.swift in Sources */,
				032C9A242A2D70EB00B86878 /* Resource.swift in Sources */,
			);
			runOnlyForDeploymentPostprocessing = 0;
		};
		0334A7DD2A298F6900305E75 /* Sources */ = {
			isa = PBXSourcesBuildPhase;
			buildActionMask = 2147483647;
			files = (
				0334A7E62A298F6900305E75 /* MemeAppTests.swift in Sources */,
			);
			runOnlyForDeploymentPostprocessing = 0;
		};
		0334A7E72A298F6900305E75 /* Sources */ = {
			isa = PBXSourcesBuildPhase;
			buildActionMask = 2147483647;
			files = (
				0334A7F22A298F6900305E75 /* MemeAppUITestsLaunchTests.swift in Sources */,
				0334A7F02A298F6900305E75 /* MemeAppUITests.swift in Sources */,
			);
			runOnlyForDeploymentPostprocessing = 0;
		};
/* End PBXSourcesBuildPhase section */

/* Begin PBXTargetDependency section */
		0334A7E32A298F6900305E75 /* PBXTargetDependency */ = {
			isa = PBXTargetDependency;
			target = 0334A7CA2A298F6600305E75 /* MemeApp */;
			targetProxy = 0334A7E22A298F6900305E75 /* PBXContainerItemProxy */;
		};
		0334A7ED2A298F6900305E75 /* PBXTargetDependency */ = {
			isa = PBXTargetDependency;
			target = 0334A7CA2A298F6600305E75 /* MemeApp */;
			targetProxy = 0334A7EC2A298F6900305E75 /* PBXContainerItemProxy */;
		};
/* End PBXTargetDependency section */

/* Begin PBXVariantGroup section */
		0334A7D92A298F6900305E75 /* LaunchScreen.storyboard */ = {
			isa = PBXVariantGroup;
			children = (
				0334A7DA2A298F6900305E75 /* Base */,
			);
			name = LaunchScreen.storyboard;
			sourceTree = "<group>";
		};
/* End PBXVariantGroup section */

/* Begin XCBuildConfiguration section */
		0334A7F32A298F6900305E75 /* Debug */ = {
			isa = XCBuildConfiguration;
			buildSettings = {
				ALWAYS_SEARCH_USER_PATHS = NO;
				CLANG_ANALYZER_NONNULL = YES;
				CLANG_ANALYZER_NUMBER_OBJECT_CONVERSION = YES_AGGRESSIVE;
				CLANG_CXX_LANGUAGE_STANDARD = "gnu++20";
				CLANG_ENABLE_MODULES = YES;
				CLANG_ENABLE_OBJC_ARC = YES;
				CLANG_ENABLE_OBJC_WEAK = YES;
				CLANG_WARN_BLOCK_CAPTURE_AUTORELEASING = YES;
				CLANG_WARN_BOOL_CONVERSION = YES;
				CLANG_WARN_COMMA = YES;
				CLANG_WARN_CONSTANT_CONVERSION = YES;
				CLANG_WARN_DEPRECATED_OBJC_IMPLEMENTATIONS = YES;
				CLANG_WARN_DIRECT_OBJC_ISA_USAGE = YES_ERROR;
				CLANG_WARN_DOCUMENTATION_COMMENTS = YES;
				CLANG_WARN_EMPTY_BODY = YES;
				CLANG_WARN_ENUM_CONVERSION = YES;
				CLANG_WARN_INFINITE_RECURSION = YES;
				CLANG_WARN_INT_CONVERSION = YES;
				CLANG_WARN_NON_LITERAL_NULL_CONVERSION = YES;
				CLANG_WARN_OBJC_IMPLICIT_RETAIN_SELF = YES;
				CLANG_WARN_OBJC_LITERAL_CONVERSION = YES;
				CLANG_WARN_OBJC_ROOT_CLASS = YES_ERROR;
				CLANG_WARN_QUOTED_INCLUDE_IN_FRAMEWORK_HEADER = YES;
				CLANG_WARN_RANGE_LOOP_ANALYSIS = YES;
				CLANG_WARN_STRICT_PROTOTYPES = YES;
				CLANG_WARN_SUSPICIOUS_MOVE = YES;
				CLANG_WARN_UNGUARDED_AVAILABILITY = YES_AGGRESSIVE;
				CLANG_WARN_UNREACHABLE_CODE = YES;
				CLANG_WARN__DUPLICATE_METHOD_MATCH = YES;
				COPY_PHASE_STRIP = NO;
				DEBUG_INFORMATION_FORMAT = dwarf;
				ENABLE_STRICT_OBJC_MSGSEND = YES;
				ENABLE_TESTABILITY = YES;
				GCC_C_LANGUAGE_STANDARD = gnu11;
				GCC_DYNAMIC_NO_PIC = NO;
				GCC_NO_COMMON_BLOCKS = YES;
				GCC_OPTIMIZATION_LEVEL = 0;
				GCC_PREPROCESSOR_DEFINITIONS = (
					"DEBUG=1",
					"$(inherited)",
				);
				GCC_WARN_64_TO_32_BIT_CONVERSION = YES;
				GCC_WARN_ABOUT_RETURN_TYPE = YES_ERROR;
				GCC_WARN_UNDECLARED_SELECTOR = YES;
				GCC_WARN_UNINITIALIZED_AUTOS = YES_AGGRESSIVE;
				GCC_WARN_UNUSED_FUNCTION = YES;
				GCC_WARN_UNUSED_VARIABLE = YES;
				IPHONEOS_DEPLOYMENT_TARGET = 16.2;
				MTL_ENABLE_DEBUG_INFO = INCLUDE_SOURCE;
				MTL_FAST_MATH = YES;
				ONLY_ACTIVE_ARCH = YES;
				SDKROOT = iphoneos;
				SWIFT_ACTIVE_COMPILATION_CONDITIONS = DEBUG;
				SWIFT_OPTIMIZATION_LEVEL = "-Onone";
			};
			name = Debug;
		};
		0334A7F42A298F6900305E75 /* Release */ = {
			isa = XCBuildConfiguration;
			buildSettings = {
				ALWAYS_SEARCH_USER_PATHS = NO;
				CLANG_ANALYZER_NONNULL = YES;
				CLANG_ANALYZER_NUMBER_OBJECT_CONVERSION = YES_AGGRESSIVE;
				CLANG_CXX_LANGUAGE_STANDARD = "gnu++20";
				CLANG_ENABLE_MODULES = YES;
				CLANG_ENABLE_OBJC_ARC = YES;
				CLANG_ENABLE_OBJC_WEAK = YES;
				CLANG_WARN_BLOCK_CAPTURE_AUTORELEASING = YES;
				CLANG_WARN_BOOL_CONVERSION = YES;
				CLANG_WARN_COMMA = YES;
				CLANG_WARN_CONSTANT_CONVERSION = YES;
				CLANG_WARN_DEPRECATED_OBJC_IMPLEMENTATIONS = YES;
				CLANG_WARN_DIRECT_OBJC_ISA_USAGE = YES_ERROR;
				CLANG_WARN_DOCUMENTATION_COMMENTS = YES;
				CLANG_WARN_EMPTY_BODY = YES;
				CLANG_WARN_ENUM_CONVERSION = YES;
				CLANG_WARN_INFINITE_RECURSION = YES;
				CLANG_WARN_INT_CONVERSION = YES;
				CLANG_WARN_NON_LITERAL_NULL_CONVERSION = YES;
				CLANG_WARN_OBJC_IMPLICIT_RETAIN_SELF = YES;
				CLANG_WARN_OBJC_LITERAL_CONVERSION = YES;
				CLANG_WARN_OBJC_ROOT_CLASS = YES_ERROR;
				CLANG_WARN_QUOTED_INCLUDE_IN_FRAMEWORK_HEADER = YES;
				CLANG_WARN_RANGE_LOOP_ANALYSIS = YES;
				CLANG_WARN_STRICT_PROTOTYPES = YES;
				CLANG_WARN_SUSPICIOUS_MOVE = YES;
				CLANG_WARN_UNGUARDED_AVAILABILITY = YES_AGGRESSIVE;
				CLANG_WARN_UNREACHABLE_CODE = YES;
				CLANG_WARN__DUPLICATE_METHOD_MATCH = YES;
				COPY_PHASE_STRIP = NO;
				DEBUG_INFORMATION_FORMAT = "dwarf-with-dsym";
				ENABLE_NS_ASSERTIONS = NO;
				ENABLE_STRICT_OBJC_MSGSEND = YES;
				GCC_C_LANGUAGE_STANDARD = gnu11;
				GCC_NO_COMMON_BLOCKS = YES;
				GCC_WARN_64_TO_32_BIT_CONVERSION = YES;
				GCC_WARN_ABOUT_RETURN_TYPE = YES_ERROR;
				GCC_WARN_UNDECLARED_SELECTOR = YES;
				GCC_WARN_UNINITIALIZED_AUTOS = YES_AGGRESSIVE;
				GCC_WARN_UNUSED_FUNCTION = YES;
				GCC_WARN_UNUSED_VARIABLE = YES;
				IPHONEOS_DEPLOYMENT_TARGET = 16.2;
				MTL_ENABLE_DEBUG_INFO = NO;
				MTL_FAST_MATH = YES;
				SDKROOT = iphoneos;
				SWIFT_COMPILATION_MODE = wholemodule;
				SWIFT_OPTIMIZATION_LEVEL = "-O";
				VALIDATE_PRODUCT = YES;
			};
			name = Release;
		};
		0334A7F62A298F6900305E75 /* Debug */ = {
			isa = XCBuildConfiguration;
			baseConfigurationReference = B53C9EB943F6F599F712BABF /* Pods-MemeApp.debug.xcconfig */;
			buildSettings = {
				ASSETCATALOG_COMPILER_APPICON_NAME = AppIcon;
				ASSETCATALOG_COMPILER_GLOBAL_ACCENT_COLOR_NAME = AccentColor;
				CODE_SIGN_STYLE = Automatic;
				CURRENT_PROJECT_VERSION = 1;
				DEVELOPMENT_TEAM = PT57C32639;
				GENERATE_INFOPLIST_FILE = YES;
				INFOPLIST_FILE = MemeApp/Info.plist;
				INFOPLIST_KEY_NSCameraUsageDescription = "Please allow camara to take photos";
				INFOPLIST_KEY_NSLocationAlwaysAndWhenInUseUsageDescription = "Askin for location Samuel";
				INFOPLIST_KEY_NSLocationWhenInUseUsageDescription = "Askin for location Samuel";
				INFOPLIST_KEY_UIApplicationSupportsIndirectInputEvents = YES;
				INFOPLIST_KEY_UILaunchStoryboardName = LaunchScreen;
				INFOPLIST_KEY_UIMainStoryboardFile = Permissions;
				INFOPLIST_KEY_UIStatusBarStyle = "";
				INFOPLIST_KEY_UISupportedInterfaceOrientations = UIInterfaceOrientationPortrait;
				INFOPLIST_KEY_UISupportedInterfaceOrientations_iPad = "UIInterfaceOrientationLandscapeLeft UIInterfaceOrientationLandscapeRight UIInterfaceOrientationPortrait UIInterfaceOrientationPortraitUpsideDown";
				IPHONEOS_DEPLOYMENT_TARGET = 13.0;
				LD_RUNPATH_SEARCH_PATHS = (
					"$(inherited)",
					"@executable_path/Frameworks",
				);
				MARKETING_VERSION = 1.0;
				PRODUCT_BUNDLE_IDENTIFIER = samuelacevedo.MemeApp;
				PRODUCT_NAME = "$(TARGET_NAME)";
				SUPPORTED_PLATFORMS = "iphoneos iphonesimulator";
				SUPPORTS_MACCATALYST = NO;
				SUPPORTS_MAC_DESIGNED_FOR_IPHONE_IPAD = NO;
				SWIFT_EMIT_LOC_STRINGS = YES;
				SWIFT_VERSION = 5.0;
				TARGETED_DEVICE_FAMILY = 1;
			};
			name = Debug;
		};
		0334A7F72A298F6900305E75 /* Release */ = {
			isa = XCBuildConfiguration;
			baseConfigurationReference = 08BA8E7E15A5F3CB8729D1FA /* Pods-MemeApp.release.xcconfig */;
			buildSettings = {
				ASSETCATALOG_COMPILER_APPICON_NAME = AppIcon;
				ASSETCATALOG_COMPILER_GLOBAL_ACCENT_COLOR_NAME = AccentColor;
				CODE_SIGN_STYLE = Automatic;
				CURRENT_PROJECT_VERSION = 1;
				DEVELOPMENT_TEAM = PT57C32639;
				GENERATE_INFOPLIST_FILE = YES;
				INFOPLIST_FILE = MemeApp/Info.plist;
				INFOPLIST_KEY_NSCameraUsageDescription = "Please allow camara to take photos";
				INFOPLIST_KEY_NSLocationAlwaysAndWhenInUseUsageDescription = "Askin for location Samuel";
				INFOPLIST_KEY_NSLocationWhenInUseUsageDescription = "Askin for location Samuel";
				INFOPLIST_KEY_UIApplicationSupportsIndirectInputEvents = YES;
				INFOPLIST_KEY_UILaunchStoryboardName = LaunchScreen;
				INFOPLIST_KEY_UIMainStoryboardFile = Permissions;
				INFOPLIST_KEY_UIStatusBarStyle = "";
				INFOPLIST_KEY_UISupportedInterfaceOrientations = UIInterfaceOrientationPortrait;
				INFOPLIST_KEY_UISupportedInterfaceOrientations_iPad = "UIInterfaceOrientationLandscapeLeft UIInterfaceOrientationLandscapeRight UIInterfaceOrientationPortrait UIInterfaceOrientationPortraitUpsideDown";
				IPHONEOS_DEPLOYMENT_TARGET = 13.0;
				LD_RUNPATH_SEARCH_PATHS = (
					"$(inherited)",
					"@executable_path/Frameworks",
				);
				MARKETING_VERSION = 1.0;
				PRODUCT_BUNDLE_IDENTIFIER = samuelacevedo.MemeApp;
				PRODUCT_NAME = "$(TARGET_NAME)";
				SUPPORTED_PLATFORMS = "iphoneos iphonesimulator";
				SUPPORTS_MACCATALYST = NO;
				SUPPORTS_MAC_DESIGNED_FOR_IPHONE_IPAD = NO;
				SWIFT_EMIT_LOC_STRINGS = YES;
				SWIFT_VERSION = 5.0;
				TARGETED_DEVICE_FAMILY = 1;
			};
			name = Release;
		};
		0334A7F92A298F6900305E75 /* Debug */ = {
			isa = XCBuildConfiguration;
			buildSettings = {
				ALWAYS_EMBED_SWIFT_STANDARD_LIBRARIES = YES;
				BUNDLE_LOADER = "$(TEST_HOST)";
				CODE_SIGN_STYLE = Automatic;
				CURRENT_PROJECT_VERSION = 1;
				DEVELOPMENT_TEAM = PT57C32639;
				GENERATE_INFOPLIST_FILE = YES;
				IPHONEOS_DEPLOYMENT_TARGET = 16.2;
				MARKETING_VERSION = 1.0;
				PRODUCT_BUNDLE_IDENTIFIER = samuelacevedo.MemeAppTests;
				PRODUCT_NAME = "$(TARGET_NAME)";
				SWIFT_EMIT_LOC_STRINGS = NO;
				SWIFT_VERSION = 5.0;
				TARGETED_DEVICE_FAMILY = "1,2";
				TEST_HOST = "$(BUILT_PRODUCTS_DIR)/MemeApp.app/$(BUNDLE_EXECUTABLE_FOLDER_PATH)/MemeApp";
			};
			name = Debug;
		};
		0334A7FA2A298F6900305E75 /* Release */ = {
			isa = XCBuildConfiguration;
			buildSettings = {
				ALWAYS_EMBED_SWIFT_STANDARD_LIBRARIES = YES;
				BUNDLE_LOADER = "$(TEST_HOST)";
				CODE_SIGN_STYLE = Automatic;
				CURRENT_PROJECT_VERSION = 1;
				DEVELOPMENT_TEAM = PT57C32639;
				GENERATE_INFOPLIST_FILE = YES;
				IPHONEOS_DEPLOYMENT_TARGET = 16.2;
				MARKETING_VERSION = 1.0;
				PRODUCT_BUNDLE_IDENTIFIER = samuelacevedo.MemeAppTests;
				PRODUCT_NAME = "$(TARGET_NAME)";
				SWIFT_EMIT_LOC_STRINGS = NO;
				SWIFT_VERSION = 5.0;
				TARGETED_DEVICE_FAMILY = "1,2";
				TEST_HOST = "$(BUILT_PRODUCTS_DIR)/MemeApp.app/$(BUNDLE_EXECUTABLE_FOLDER_PATH)/MemeApp";
			};
			name = Release;
		};
		0334A7FC2A298F6900305E75 /* Debug */ = {
			isa = XCBuildConfiguration;
			buildSettings = {
				ALWAYS_EMBED_SWIFT_STANDARD_LIBRARIES = YES;
				CODE_SIGN_STYLE = Automatic;
				CURRENT_PROJECT_VERSION = 1;
				DEVELOPMENT_TEAM = PT57C32639;
				GENERATE_INFOPLIST_FILE = YES;
				MARKETING_VERSION = 1.0;
				PRODUCT_BUNDLE_IDENTIFIER = samuelacevedo.MemeAppUITests;
				PRODUCT_NAME = "$(TARGET_NAME)";
				SWIFT_EMIT_LOC_STRINGS = NO;
				SWIFT_VERSION = 5.0;
				TARGETED_DEVICE_FAMILY = "1,2";
				TEST_TARGET_NAME = MemeApp;
			};
			name = Debug;
		};
		0334A7FD2A298F6900305E75 /* Release */ = {
			isa = XCBuildConfiguration;
			buildSettings = {
				ALWAYS_EMBED_SWIFT_STANDARD_LIBRARIES = YES;
				CODE_SIGN_STYLE = Automatic;
				CURRENT_PROJECT_VERSION = 1;
				DEVELOPMENT_TEAM = PT57C32639;
				GENERATE_INFOPLIST_FILE = YES;
				MARKETING_VERSION = 1.0;
				PRODUCT_BUNDLE_IDENTIFIER = samuelacevedo.MemeAppUITests;
				PRODUCT_NAME = "$(TARGET_NAME)";
				SWIFT_EMIT_LOC_STRINGS = NO;
				SWIFT_VERSION = 5.0;
				TARGETED_DEVICE_FAMILY = "1,2";
				TEST_TARGET_NAME = MemeApp;
			};
			name = Release;
		};
/* End XCBuildConfiguration section */

/* Begin XCConfigurationList section */
		0334A7C62A298F6600305E75 /* Build configuration list for PBXProject "MemeApp" */ = {
			isa = XCConfigurationList;
			buildConfigurations = (
				0334A7F32A298F6900305E75 /* Debug */,
				0334A7F42A298F6900305E75 /* Release */,
			);
			defaultConfigurationIsVisible = 0;
			defaultConfigurationName = Release;
		};
		0334A7F52A298F6900305E75 /* Build configuration list for PBXNativeTarget "MemeApp" */ = {
			isa = XCConfigurationList;
			buildConfigurations = (
				0334A7F62A298F6900305E75 /* Debug */,
				0334A7F72A298F6900305E75 /* Release */,
			);
			defaultConfigurationIsVisible = 0;
			defaultConfigurationName = Release;
		};
		0334A7F82A298F6900305E75 /* Build configuration list for PBXNativeTarget "MemeAppTests" */ = {
			isa = XCConfigurationList;
			buildConfigurations = (
				0334A7F92A298F6900305E75 /* Debug */,
				0334A7FA2A298F6900305E75 /* Release */,
			);
			defaultConfigurationIsVisible = 0;
			defaultConfigurationName = Release;
		};
		0334A7FB2A298F6900305E75 /* Build configuration list for PBXNativeTarget "MemeAppUITests" */ = {
			isa = XCConfigurationList;
			buildConfigurations = (
				0334A7FC2A298F6900305E75 /* Debug */,
				0334A7FD2A298F6900305E75 /* Release */,
			);
			defaultConfigurationIsVisible = 0;
			defaultConfigurationName = Release;
		};
/* End XCConfigurationList section */
	};
	rootObject = 0334A7C32A298F6600305E75 /* Project object */;
}
